
Microsoft Visual Studio Solution File, Format Version 12.00
# Visual Studio Version 16
VisualStudioVersion = 16.0.31321.278
MinimumVisualStudioVersion = 10.0.40219.1
Project("{9A19103F-16F7-4668-BE54-9A1E7A4F7556}") = "gymtracker", "gym tracker\gymtracker.csproj", "{94AE8ED8-A824-4D07-B343-EC536E4BB939}"
EndProject
Global
	GlobalSection(SolutionConfigurationPlatforms) = preSolution
		Debug|Any CPU = Debug|Any CPU
		Release|Any CPU = Release|Any CPU
	EndGlobalSection
	GlobalSection(ProjectConfigurationPlatforms) = postSolution
		{94AE8ED8-A824-4D07-B343-EC536E4BB939}.Debug|Any CPU.ActiveCfg = Debug|Any CPU
		{94AE8ED8-A824-4D07-B343-EC536E4BB939}.Debug|Any CPU.Build.0 = Debug|Any CPU
		{94AE8ED8-A824-4D07-B343-EC536E4BB939}.Release|Any CPU.ActiveCfg = Release|Any CPU
		{94AE8ED8-A824-4D07-B343-EC536E4BB939}.Release|Any CPU.Build.0 = Release|Any CPU
	EndGlobalSection
	GlobalSection(SolutionProperties) = preSolution
		HideSolutionNode = FALSE
	EndGlobalSection
	GlobalSection(ExtensibilityGlobals) = postSolution
		SolutionGuid = {0E45090E-D175-4DBD-8196-CDEF1D2AF9A9}
	EndGlobalSection
EndGlobal
